
Microsoft Visual Studio Solution File, Format Version 12.00
Project("{FAE04EC0-301F-11D3-BF4B-00C04F79EFBC}") = "HellPie.Revit.PrismDemo", "HellPie.Revit.PrismDemo\HellPie.Revit.PrismDemo.csproj", "{87B64866-6EE6-4022-BBBA-D7A32165DCB9}"
EndProject
Global
	GlobalSection(SolutionConfigurationPlatforms) = preSolution
		Debug|x64 = Debug|x64
		Release|x64 = Release|x64
	EndGlobalSection
	GlobalSection(ProjectConfigurationPlatforms) = postSolution
		{87B64866-6EE6-4022-BBBA-D7A32165DCB9}.Debug|x64.ActiveCfg = Debug|x64
		{87B64866-6EE6-4022-BBBA-D7A32165DCB9}.Debug|x64.Build.0 = Debug|x64
		{87B64866-6EE6-4022-BBBA-D7A32165DCB9}.Release|x64.ActiveCfg = Release|x64
		{87B64866-6EE6-4022-BBBA-D7A32165DCB9}.Release|x64.Build.0 = Release|x64
	EndGlobalSection
EndGlobal
